
Microsoft Visual Studio Solution File, Format Version 12.00
# Visual Studio Version 17
VisualStudioVersion = 17.5.33516.290
MinimumVisualStudioVersion = 10.0.40219.1
Project("{FAE04EC0-301F-11D3-BF4B-00C04F79EFBC}") = "APIFramework", "APIFramework\APIFramework.csproj", "{A29D237D-C990-40AA-9988-EEC7868355DD}"
EndProject
Project("{FAE04EC0-301F-11D3-BF4B-00C04F79EFBC}") = "ECSVisualizer", "ECSVisualizer\ECSVisualizer.csproj", "{CFA62BB6-8480-471B-961C-20777E5A05D0}"
EndProject
Project("{FAE04EC0-301F-11D3-BF4B-00C04F79EFBC}") = "ECSCli", "ECSCli\ECSCli.csproj", "{711F290C-E800-4885-837B-EA0E91965EDD}"
EndProject
Project("{FAE04EC0-301F-11D3-BF4B-00C04F79EFBC}") = "APIFramework.Tests", "APIFramework.Tests\APIFramework.Tests.csproj", "{5A56EC32-9F68-4D9C-8AAC-2738B4BC9692}"
EndProject
Project("{FAE04EC0-301F-11D3-BF4B-00C04F79EFBC}") = "Warden.Contracts", "Warden.Contracts\Warden.Contracts.csproj", "{7D88E2A8-8A3E-4634-8C5E-965655561F52}"
EndProject
Project("{FAE04EC0-301F-11D3-BF4B-00C04F79EFBC}") = "Warden.Contracts.Tests", "Warden.Contracts.Tests\Warden.Contracts.Tests.csproj", "{0C0AC001-89BA-401C-A440-DE37FA809D4F}"
EndProject
Project("{FAE04EC0-301F-11D3-BF4B-00C04F79EFBC}") = "Warden.Telemetry", "Warden.Telemetry\Warden.Telemetry.csproj", "{41B4185E-156D-4046-833E-C8A436B2931B}"
EndProject
Project("{FAE04EC0-301F-11D3-BF4B-00C04F79EFBC}") = "Warden.Anthropic", "Warden.Anthropic\Warden.Anthropic.csproj", "{72CA62E2-A35E-46BC-AEF1-A27511A0DE0E}"
EndProject
Project("{FAE04EC0-301F-11D3-BF4B-00C04F79EFBC}") = "Warden.Anthropic.Tests", "Warden.Anthropic.Tests\Warden.Anthropic.Tests.csproj", "{C3D4E5F6-A7B8-901C-DEFA-123456789012}"
EndProject
Project("{FAE04EC0-301F-11D3-BF4B-00C04F79EFBC}") = "Warden.Orchestrator", "Warden.Orchestrator\Warden.Orchestrator.csproj", "{580C0ECF-87F8-4B6E-9150-1A9F156E9B8A}"
EndProject
Project("{FAE04EC0-301F-11D3-BF4B-00C04F79EFBC}") = "Warden.Orchestrator.Tests", "Warden.Orchestrator.Tests\Warden.Orchestrator.Tests.csproj", "{313FD016-54B2-4AC0-8904-497EE3D64E6B}"
EndProject
Project("{FAE04EC0-301F-11D3-BF4B-00C04F79EFBC}") = "Warden.Telemetry.Tests", "Warden.Telemetry.Tests\Warden.Telemetry.Tests.csproj", "{A1B2C3D4-E5F6-7890-ABCD-EF1234567890}"
EndProject
Project("{FAE04EC0-301F-11D3-BF4B-00C04F79EFBC}") = "ECSCli.Tests", "ECSCli.Tests\ECSCli.Tests.csproj", "{B2C3D4E5-F6A7-8901-BCDE-F12345678901}"
EndProject
Global
	GlobalSection(SolutionConfigurationPlatforms) = preSolution
		Debug|Any CPU = Debug|Any CPU
		Release|Any CPU = Release|Any CPU
	EndGlobalSection
	GlobalSection(ProjectConfigurationPlatforms) = postSolution
		{A29D237D-C990-40AA-9988-EEC7868355DD}.Debug|Any CPU.ActiveCfg = Debug|Any CPU
		{A29D237D-C990-40AA-9988-EEC7868355DD}.Debug|Any CPU.Build.0 = Debug|Any CPU
		{A29D237D-C990-40AA-9988-EEC7868355DD}.Release|Any CPU.ActiveCfg = Release|Any CPU
		{A29D237D-C990-40AA-9988-EEC7868355DD}.Release|Any CPU.Build.0 = Release|Any CPU
		{CFA62BB6-8480-471B-961C-20777E5A05D0}.Debug|Any CPU.ActiveCfg = Debug|Any CPU
		{CFA62BB6-8480-471B-961C-20777E5A05D0}.Debug|Any CPU.Build.0 = Debug|Any CPU
		{CFA62BB6-8480-471B-961C-20777E5A05D0}.Release|Any CPU.ActiveCfg = Release|Any CPU
		{CFA62BB6-8480-471B-961C-20777E5A05D0}.Release|Any CPU.Build.0 = Release|Any CPU
		{711F290C-E800-4885-837B-EA0E91965EDD}.Debug|Any CPU.ActiveCfg = Debug|Any CPU
		{711F290C-E800-4885-837B-EA0E91965EDD}.Debug|Any CPU.Build.0 = Debug|Any CPU
		{711F290C-E800-4885-837B-EA0E91965EDD}.Release|Any CPU.ActiveCfg = Release|Any CPU
		{711F290C-E800-4885-837B-EA0E91965EDD}.Release|Any CPU.Build.0 = Release|Any CPU
		{5A56EC32-9F68-4D9C-8AAC-2738B4BC9692}.Debug|Any CPU.ActiveCfg = Debug|Any CPU
		{5A56EC32-9F68-4D9C-8AAC-2738B4BC9692}.Debug|Any CPU.Build.0 = Debug|Any CPU
		{5A56EC32-9F68-4D9C-8AAC-2738B4BC9692}.Release|Any CPU.ActiveCfg = Release|Any CPU
		{5A56EC32-9F68-4D9C-8AAC-2738B4BC9692}.Release|Any CPU.Build.0 = Release|Any CPU
		{7D88E2A8-8A3E-4634-8C5E-965655561F52}.Debug|Any CPU.ActiveCfg = Debug|Any CPU
		{7D88E2A8-8A3E-4634-8C5E-965655561F52}.Debug|Any CPU.Build.0 = Debug|Any CPU
		{7D88E2A8-8A3E-4634-8C5E-965655561F52}.Release|Any CPU.ActiveCfg = Release|Any CPU
		{7D88E2A8-8A3E-4634-8C5E-965655561F52}.Release|Any CPU.Build.0 = Release|Any CPU
		{0C0AC001-89BA-401C-A440-DE37FA809D4F}.Debug|Any CPU.ActiveCfg = Debug|Any CPU
		{0C0AC001-89BA-401C-A440-DE37FA809D4F}.Debug|Any CPU.Build.0 = Debug|Any CPU
		{0C0AC001-89BA-401C-A440-DE37FA809D4F}.Release|Any CPU.ActiveCfg = Release|Any CPU
		{0C0AC001-89BA-401C-A440-DE37FA809D4F}.Release|Any CPU.Build.0 = Release|Any CPU
		{41B4185E-156D-4046-833E-C8A436B2931B}.Debug|Any CPU.ActiveCfg = Debug|Any CPU
		{41B4185E-156D-4046-833E-C8A436B2931B}.Debug|Any CPU.Build.0 = Debug|Any CPU
		{41B4185E-156D-4046-833E-C8A436B2931B}.Release|Any CPU.ActiveCfg = Release|Any CPU
		{41B4185E-156D-4046-833E-C8A436B2931B}.Release|Any CPU.Build.0 = Release|Any CPU
		{72CA62E2-A35E-46BC-AEF1-A27511A0DE0E}.Debug|Any CPU.ActiveCfg = Debug|Any CPU
		{72CA62E2-A35E-46BC-AEF1-A27511A0DE0E}.Debug|Any CPU.Build.0 = Debug|Any CPU
		{72CA62E2-A35E-46BC-AEF1-A27511A0DE0E}.Release|Any CPU.ActiveCfg = Release|Any CPU
		{72CA62E2-A35E-46BC-AEF1-A27511A0DE0E}.Release|Any CPU.Build.0 = Release|Any CPU
		{C3D4E5F6-A7B8-901C-DEFA-123456789012}.Debug|Any CPU.ActiveCfg = Debug|Any CPU
		{C3D4E5F6-A7B8-901C-DEFA-123456789012}.Debug|Any CPU.Build.0 = Debug|Any CPU
		{C3D4E5F6-A7B8-901C-DEFA-123456789012}.Release|Any CPU.ActiveCfg = Release|Any CPU
		{C3D4E5F6-A7B8-901C-DEFA-123456789012}.Release|Any CPU.Build.0 = Release|Any CPU
		{580C0ECF-87F8-4B6E-9150-1A9F156E9B8A}.Debug|Any CPU.ActiveCfg = Debug|Any CPU
		{580C0ECF-87F8-4B6E-9150-1A9F156E9B8A}.Debug|Any CPU.Build.0 = Debug|Any CPU
		{580C0ECF-87F8-4B6E-9150-1A9F156E9B8A}.Release|Any CPU.ActiveCfg = Release|Any CPU
		{580C0ECF-87F8-4B6E-9150-1A9F156E9B8A}.Release|Any CPU.Build.0 = Release|Any CPU
		{313FD016-54B2-4AC0-8904-497EE3D64E6B}.Debug|Any CPU.ActiveCfg = Debug|Any CPU
		{313FD016-54B2-4AC0-8904-497EE3D64E6B}.Debug|Any CPU.Build.0 = Debug|Any CPU
		{313FD016-54B2-4AC0-8904-497EE3D64E6B}.Release|Any CPU.ActiveCfg = Release|Any CPU
		{313FD016-54B2-4AC0-8904-497EE3D64E6B}.Release|Any CPU.Build.0 = Release|Any CPU
		{A1B2C3D4-E5F6-7890-ABCD-EF1234567890}.Debug|Any CPU.ActiveCfg = Debug|Any CPU
		{A1B2C3D4-E5F6-7890-ABCD-EF1234567890}.Debug|Any CPU.Build.0 = Debug|Any CPU
		{A1B2C3D4-E5F6-7890-ABCD-EF1234567890}.Release|Any CPU.ActiveCfg = Release|Any CPU
		{A1B2C3D4-E5F6-7890-ABCD-EF1234567890}.Release|Any CPU.Build.0 = Release|Any CPU
		{B2C3D4E5-F6A7-8901-BCDE-F12345678901}.Debug|Any CPU.ActiveCfg = Debug|Any CPU
		{B2C3D4E5-F6A7-8901-BCDE-F12345678901}.Debug|Any CPU.Build.0 = Debug|Any CPU
		{B2C3D4E5-F6A7-8901-BCDE-F12345678901}.Release|Any CPU.ActiveCfg = Release|Any CPU
		{B2C3D4E5-F6A7-8901-BCDE-F12345678901}.Release|Any CPU.Build.0 = Release|Any CPU
	EndGlobalSection
	GlobalSection(SolutionProperties) = preSolution
		HideSolutionNode = FALSE
	EndGlobalSection
EndGlobal
